// !$*UTF8*$!
{
	archiveVersion = 1;
	classes = {
	};
	objectVersion = 56;
	objects = {

/* Begin PBXBuildFile section */
		A10000010000000000000001 /* SelfOSPIApp.swift in Sources */ = {isa = PBXBuildFile; fileRef = A20000010000000000000001 /* SelfOSPIApp.swift */; };
		A10000010000000000000002 /* ContentView.swift in Sources */ = {isa = PBXBuildFile; fileRef = A20000010000000000000002 /* ContentView.swift */; };
		A10000010000000000000003 /* Models.swift in Sources */ = {isa = PBXBuildFile; fileRef = A20000010000000000000003 /* Models.swift */; };
		A10000010000000000000004 /* ExampleAgents.swift in Sources */ = {isa = PBXBuildFile; fileRef = A20000010000000000000004 /* ExampleAgents.swift */; };
		A10000010000000000000005 /* AppEnvironment.swift in Sources */ = {isa = PBXBuildFile; fileRef = A20000010000000000000005 /* AppEnvironment.swift */; };
		A10000010000000000000006 /* MockClients.swift in Sources */ = {isa = PBXBuildFile; fileRef = A20000010000000000000006 /* MockClients.swift */; };
		A10000010000000000000007 /* PIAgent.swift in Sources */ = {isa = PBXBuildFile; fileRef = A20000010000000000000007 /* PIAgent.swift */; };
		A10000010000000000000008 /* PreviewDisclaimer.swift in Sources */ = {isa = PBXBuildFile; fileRef = A20000010000000000000008 /* PreviewDisclaimer.swift */; };
		A10000010000000000000009 /* HomeView.swift in Sources */ = {isa = PBXBuildFile; fileRef = A20000010000000000000009 /* HomeView.swift */; };
		A1000001000000000000000A /* AgentsView.swift in Sources */ = {isa = PBXBuildFile; fileRef = A2000001000000000000000A /* AgentsView.swift */; };
		A1000001000000000000000B /* AppsView.swift in Sources */ = {isa = PBXBuildFile; fileRef = A2000001000000000000000B /* AppsView.swift */; };
		A1000001000000000000000C /* MeshPreviewView.swift in Sources */ = {isa = PBXBuildFile; fileRef = A2000001000000000000000C /* MeshPreviewView.swift */; };
		A1000001000000000000000D /* WalletPreviewView.swift in Sources */ = {isa = PBXBuildFile; fileRef = A2000001000000000000000D /* WalletPreviewView.swift */; };
		A1000001000000000000000E /* SettingsView.swift in Sources */ = {isa = PBXBuildFile; fileRef = A2000001000000000000000E /* SettingsView.swift */; };
		A1000001000000000000000F /* Assets.xcassets in Resources */ = {isa = PBXBuildFile; fileRef = A2000001000000000000000F /* Assets.xcassets */; };
		A10000010000000000000010 /* SelfOSPITests.swift in Sources */ = {isa = PBXBuildFile; fileRef = A20000010000000000000010 /* SelfOSPITests.swift */; };
		A10000010000000000000011 /* SelfOSPIUITests.swift in Sources */ = {isa = PBXBuildFile; fileRef = A20000010000000000000011 /* SelfOSPIUITests.swift */; };
		A10000010000000000000012 /* UiTestTags.swift in Sources */ = {isa = PBXBuildFile; fileRef = A20000010000000000000012 /* UiTestTags.swift */; };
/* End PBXBuildFile section */

/* Begin PBXFileReference section */
		A20000010000000000000001 /* SelfOSPIApp.swift */ = {isa = PBXFileReference; lastKnownFileType = sourcecode.swift; path = SelfOSPIApp.swift; sourceTree = "<group>"; };
		A20000010000000000000002 /* ContentView.swift */ = {isa = PBXFileReference; lastKnownFileType = sourcecode.swift; path = ContentView.swift; sourceTree = "<group>"; };
		A20000010000000000000003 /* Models.swift */ = {isa = PBXFileReference; lastKnownFileType = sourcecode.swift; path = Models.swift; sourceTree = "<group>"; };
		A20000010000000000000004 /* ExampleAgents.swift */ = {isa = PBXFileReference; lastKnownFileType = sourcecode.swift; path = ExampleAgents.swift; sourceTree = "<group>"; };
		A20000010000000000000005 /* AppEnvironment.swift */ = {isa = PBXFileReference; lastKnownFileType = sourcecode.swift; path = AppEnvironment.swift; sourceTree = "<group>"; };
		A20000010000000000000006 /* MockClients.swift */ = {isa = PBXFileReference; lastKnownFileType = sourcecode.swift; path = MockClients.swift; sourceTree = "<group>"; };
		A20000010000000000000007 /* PIAgent.swift */ = {isa = PBXFileReference; lastKnownFileType = sourcecode.swift; path = PIAgent.swift; sourceTree = "<group>"; };
		A20000010000000000000008 /* PreviewDisclaimer.swift */ = {isa = PBXFileReference; lastKnownFileType = sourcecode.swift; path = PreviewDisclaimer.swift; sourceTree = "<group>"; };
		A20000010000000000000009 /* HomeView.swift */ = {isa = PBXFileReference; lastKnownFileType = sourcecode.swift; path = HomeView.swift; sourceTree = "<group>"; };
		A2000001000000000000000A /* AgentsView.swift */ = {isa = PBXFileReference; lastKnownFileType = sourcecode.swift; path = AgentsView.swift; sourceTree = "<group>"; };
		A2000001000000000000000B /* AppsView.swift */ = {isa = PBXFileReference; lastKnownFileType = sourcecode.swift; path = AppsView.swift; sourceTree = "<group>"; };
		A2000001000000000000000C /* MeshPreviewView.swift */ = {isa = PBXFileReference; lastKnownFileType = sourcecode.swift; path = MeshPreviewView.swift; sourceTree = "<group>"; };
		A2000001000000000000000D /* WalletPreviewView.swift */ = {isa = PBXFileReference; lastKnownFileType = sourcecode.swift; path = WalletPreviewView.swift; sourceTree = "<group>"; };
		A2000001000000000000000E /* SettingsView.swift */ = {isa = PBXFileReference; lastKnownFileType = sourcecode.swift; path = SettingsView.swift; sourceTree = "<group>"; };
		A2000001000000000000000F /* Assets.xcassets */ = {isa = PBXFileReference; lastKnownFileType = folder.assetcatalog; path = Assets.xcassets; sourceTree = "<group>"; };
		A30000010000000000000001 /* SelfOSPI.app */ = {isa = PBXFileReference; explicitFileType = wrapper.application; includeInIndex = 0; path = SelfOSPI.app; sourceTree = BUILT_PRODUCTS_DIR; };
		A30000010000000000000002 /* SelfOSPITests.xctest */ = {isa = PBXFileReference; explicitFileType = wrapper.cfbundle; includeInIndex = 0; path = SelfOSPITests.xctest; sourceTree = BUILT_PRODUCTS_DIR; };
		A30000010000000000000003 /* SelfOSPIUITests.xctest */ = {isa = PBXFileReference; explicitFileType = wrapper.cfbundle; includeInIndex = 0; path = SelfOSPIUITests.xctest; sourceTree = BUILT_PRODUCTS_DIR; };
		A20000010000000000000010 /* SelfOSPITests.swift */ = {isa = PBXFileReference; lastKnownFileType = sourcecode.swift; path = SelfOSPITests.swift; sourceTree = "<group>"; };
		A20000010000000000000011 /* SelfOSPIUITests.swift */ = {isa = PBXFileReference; lastKnownFileType = sourcecode.swift; path = SelfOSPIUITests.swift; sourceTree = "<group>"; };
		A20000010000000000000012 /* UiTestTags.swift */ = {isa = PBXFileReference; lastKnownFileType = sourcecode.swift; path = UiTestTags.swift; sourceTree = "<group>"; };
/* End PBXFileReference section */

/* Begin PBXFrameworksBuildPhase section */
		A40000010000000000000001 /* Frameworks */ = {
			isa = PBXFrameworksBuildPhase;
			buildActionMask = 2147483647;
			files = (
			);
			runOnlyForDeploymentPostprocessing = 0;
		};
		A40000010000000000000002 /* Frameworks */ = {
			isa = PBXFrameworksBuildPhase;
			buildActionMask = 2147483647;
			files = (
			);
			runOnlyForDeploymentPostprocessing = 0;
		};
		A40000010000000000000003 /* Frameworks */ = {
			isa = PBXFrameworksBuildPhase;
			buildActionMask = 2147483647;
			files = (
			);
			runOnlyForDeploymentPostprocessing = 0;
		};
/* End PBXFrameworksBuildPhase section */

/* Begin PBXGroup section */
		A50000010000000000000001 = {
			isa = PBXGroup;
			children = (
				A50000010000000000000002 /* SelfOSPI */,
				A50000010000000000000008 /* SelfOSPITests */,
				A50000010000000000000009 /* SelfOSPIUITests */,
				A50000010000000000000003 /* Products */,
			);
			sourceTree = "<group>";
		};
		A50000010000000000000002 /* SelfOSPI */ = {
			isa = PBXGroup;
			children = (
				A20000010000000000000001 /* SelfOSPIApp.swift */,
				A20000010000000000000002 /* ContentView.swift */,
				A20000010000000000000012 /* UiTestTags.swift */,
				A20000010000000000000003 /* Models.swift */,
				A50000010000000000000004 /* Agents */,
				A50000010000000000000005 /* Services */,
				A50000010000000000000006 /* Views */,
				A2000001000000000000000F /* Assets.xcassets */,
			);
			path = SelfOSPI;
			sourceTree = "<group>";
		};
		A50000010000000000000003 /* Products */ = {
			isa = PBXGroup;
			children = (
				A30000010000000000000001 /* SelfOSPI.app */,
				A30000010000000000000002 /* SelfOSPITests.xctest */,
				A30000010000000000000003 /* SelfOSPIUITests.xctest */,
			);
			name = Products;
			sourceTree = "<group>";
		};
		A50000010000000000000004 /* Agents */ = {
			isa = PBXGroup;
			children = (
				A20000010000000000000004 /* ExampleAgents.swift */,
			);
			path = Agents;
			sourceTree = "<group>";
		};
		A50000010000000000000005 /* Services */ = {
			isa = PBXGroup;
			children = (
				A20000010000000000000005 /* AppEnvironment.swift */,
				A20000010000000000000006 /* MockClients.swift */,
				A20000010000000000000007 /* PIAgent.swift */,
			);
			path = Services;
			sourceTree = "<group>";
		};
		A50000010000000000000006 /* Views */ = {
			isa = PBXGroup;
			children = (
				A50000010000000000000007 /* Components */,
				A20000010000000000000009 /* HomeView.swift */,
				A2000001000000000000000A /* AgentsView.swift */,
				A2000001000000000000000B /* AppsView.swift */,
				A2000001000000000000000C /* MeshPreviewView.swift */,
				A2000001000000000000000D /* WalletPreviewView.swift */,
				A2000001000000000000000E /* SettingsView.swift */,
			);
			path = Views;
			sourceTree = "<group>";
		};
		A50000010000000000000007 /* Components */ = {
			isa = PBXGroup;
			children = (
				A20000010000000000000008 /* PreviewDisclaimer.swift */,
			);
			path = Components;
			sourceTree = "<group>";
		};
		A50000010000000000000008 /* SelfOSPITests */ = {
			isa = PBXGroup;
			children = (
				A20000010000000000000010 /* SelfOSPITests.swift */,
			);
			path = SelfOSPITests;
			sourceTree = "<group>";
		};
		A50000010000000000000009 /* SelfOSPIUITests */ = {
			isa = PBXGroup;
			children = (
				A20000010000000000000011 /* SelfOSPIUITests.swift */,
			);
			path = SelfOSPIUITests;
			sourceTree = "<group>";
		};
/* End PBXGroup section */

/* Begin PBXNativeTarget section */
		A60000010000000000000001 /* SelfOSPI */ = {
			isa = PBXNativeTarget;
			buildConfigurationList = A80000010000000000000003 /* Build configuration list for PBXNativeTarget "SelfOSPI" */;
			buildPhases = (
				A70000010000000000000001 /* Sources */,
				A40000010000000000000001 /* Frameworks */,
				A70000010000000000000002 /* Resources */,
			);
			buildRules = (
			);
			dependencies = (
			);
			name = SelfOSPI;
			productName = SelfOSPI;
			productReference = A30000010000000000000001 /* SelfOSPI.app */;
			productType = "com.apple.product-type.application";
		};
		A60000010000000000000002 /* SelfOSPITests */ = {
			isa = PBXNativeTarget;
			buildConfigurationList = A80000010000000000000004 /* Build configuration list for PBXNativeTarget "SelfOSPITests" */;
			buildPhases = (
				A70000010000000000000003 /* Sources */,
				A40000010000000000000002 /* Frameworks */,
				A70000010000000000000005 /* Resources */,
			);
			buildRules = (
			);
			dependencies = (
				B90000010000000000000002 /* PBXTargetDependency */,
			);
			name = SelfOSPITests;
			productName = SelfOSPITests;
			productReference = A30000010000000000000002 /* SelfOSPITests.xctest */;
			productType = "com.apple.product-type.bundle.unit-test";
		};
		A60000010000000000000003 /* SelfOSPIUITests */ = {
			isa = PBXNativeTarget;
			buildConfigurationList = A80000010000000000000005 /* Build configuration list for PBXNativeTarget "SelfOSPIUITests" */;
			buildPhases = (
				A70000010000000000000004 /* Sources */,
				A40000010000000000000003 /* Frameworks */,
				A70000010000000000000006 /* Resources */,
			);
			buildRules = (
			);
			dependencies = (
				B90000010000000000000004 /* PBXTargetDependency */,
			);
			name = SelfOSPIUITests;
			productName = SelfOSPIUITests;
			productReference = A30000010000000000000003 /* SelfOSPIUITests.xctest */;
			productType = "com.apple.product-type.bundle.ui-testing";
		};
/* End PBXNativeTarget section */

/* Begin PBXContainerItemProxy section */
		B90000010000000000000001 /* PBXContainerItemProxy */ = {
			isa = PBXContainerItemProxy;
			containerPortal = A90000010000000000000001 /* Project object */;
			proxyType = 1;
			remoteGlobalIDString = A60000010000000000000001;
			remoteInfo = SelfOSPI;
		};
		B90000010000000000000003 /* PBXContainerItemProxy */ = {
			isa = PBXContainerItemProxy;
			containerPortal = A90000010000000000000001 /* Project object */;
			proxyType = 1;
			remoteGlobalIDString = A60000010000000000000001;
			remoteInfo = SelfOSPI;
		};
/* End PBXContainerItemProxy section */

/* Begin PBXTargetDependency section */
		B90000010000000000000002 /* PBXTargetDependency */ = {
			isa = PBXTargetDependency;
			target = A60000010000000000000001 /* SelfOSPI */;
			targetProxy = B90000010000000000000001 /* PBXContainerItemProxy */;
		};
		B90000010000000000000004 /* PBXTargetDependency */ = {
			isa = PBXTargetDependency;
			target = A60000010000000000000001 /* SelfOSPI */;
			targetProxy = B90000010000000000000003 /* PBXContainerItemProxy */;
		};
/* End PBXTargetDependency section */

/* Begin PBXProject section */
		A90000010000000000000001 /* Project object */ = {
			isa = PBXProject;
			attributes = {
				BuildIndependentTargetsInParallel = 1;
				LastSwiftUpdateCheck = 1500;
				LastUpgradeCheck = 1500;
				TargetAttributes = {
					A60000010000000000000001 = {
						CreatedOnToolsVersion = 15.0;
					};
					A60000010000000000000002 = {
						CreatedOnToolsVersion = 15.0;
						TestTargetID = A60000010000000000000001;
					};
					A60000010000000000000003 = {
						CreatedOnToolsVersion = 15.0;
						TestTargetID = A60000010000000000000001;
					};
				};
			};
			buildConfigurationList = A80000010000000000000001 /* Build configuration list for PBXProject "SelfOSPI" */;
			compatibilityVersion = "Xcode 14.0";
			developmentRegion = en;
			hasScannedForEncodings = 0;
			knownRegions = (
				en,
				Base,
			);
			mainGroup = A50000010000000000000001;
			productRefGroup = A50000010000000000000003 /* Products */;
			projectDirPath = "";
			projectRoot = "";
			targets = (
				A60000010000000000000001 /* SelfOSPI */,
				A60000010000000000000002 /* SelfOSPITests */,
				A60000010000000000000003 /* SelfOSPIUITests */,
			);
		};
/* End PBXProject section */

/* Begin PBXResourcesBuildPhase section */
		A70000010000000000000002 /* Resources */ = {
			isa = PBXResourcesBuildPhase;
			buildActionMask = 2147483647;
			files = (
				A1000001000000000000000F /* Assets.xcassets in Resources */,
			);
			runOnlyForDeploymentPostprocessing = 0;
		};
/* End PBXResourcesBuildPhase section */

/* Begin PBXResourcesBuildPhase section */
		A70000010000000000000005 /* Resources */ = {
			isa = PBXResourcesBuildPhase;
			buildActionMask = 2147483647;
			files = (
			);
			runOnlyForDeploymentPostprocessing = 0;
		};
		A70000010000000000000006 /* Resources */ = {
			isa = PBXResourcesBuildPhase;
			buildActionMask = 2147483647;
			files = (
			);
			runOnlyForDeploymentPostprocessing = 0;
		};
/* End PBXResourcesBuildPhase section */

/* Begin PBXSourcesBuildPhase section */
		A70000010000000000000003 /* Sources */ = {
			isa = PBXSourcesBuildPhase;
			buildActionMask = 2147483647;
			files = (
				A10000010000000000000010 /* SelfOSPITests.swift in Sources */,
			);
			runOnlyForDeploymentPostprocessing = 0;
		};
		A70000010000000000000004 /* Sources */ = {
			isa = PBXSourcesBuildPhase;
			buildActionMask = 2147483647;
			files = (
				A10000010000000000000011 /* SelfOSPIUITests.swift in Sources */,
			);
			runOnlyForDeploymentPostprocessing = 0;
		};
/* End PBXSourcesBuildPhase section */

/* Begin PBXSourcesBuildPhase section */
		A70000010000000000000001 /* Sources */ = {
			isa = PBXSourcesBuildPhase;
			buildActionMask = 2147483647;
			files = (
				A10000010000000000000001 /* SelfOSPIApp.swift in Sources */,
				A10000010000000000000012 /* UiTestTags.swift in Sources */,
				A10000010000000000000002 /* ContentView.swift in Sources */,
				A10000010000000000000003 /* Models.swift in Sources */,
				A10000010000000000000004 /* ExampleAgents.swift in Sources */,
				A10000010000000000000005 /* AppEnvironment.swift in Sources */,
				A10000010000000000000006 /* MockClients.swift in Sources */,
				A10000010000000000000007 /* PIAgent.swift in Sources */,
				A10000010000000000000008 /* PreviewDisclaimer.swift in Sources */,
				A10000010000000000000009 /* HomeView.swift in Sources */,
				A1000001000000000000000A /* AgentsView.swift in Sources */,
				A1000001000000000000000B /* AppsView.swift in Sources */,
				A1000001000000000000000C /* MeshPreviewView.swift in Sources */,
				A1000001000000000000000D /* WalletPreviewView.swift in Sources */,
				A1000001000000000000000E /* SettingsView.swift in Sources */,
			);
			runOnlyForDeploymentPostprocessing = 0;
		};
/* End PBXSourcesBuildPhase section */

/* Begin XCBuildConfiguration section */
		AB0000010000000000000001 /* Debug */ = {
			isa = XCBuildConfiguration;
			buildSettings = {
				ALWAYS_SEARCH_USER_PATHS = NO;
				CLANG_ENABLE_MODULES = YES;
				CLANG_ENABLE_OBJC_ARC = YES;
				COPY_PHASE_STRIP = NO;
				DEBUG_INFORMATION_FORMAT = dwarf;
				ENABLE_STRICT_OBJC_MSGSEND = YES;
				ENABLE_TESTABILITY = YES;
				GCC_DYNAMIC_NO_PIC = NO;
				GCC_OPTIMIZATION_LEVEL = 0;
				GCC_PREPROCESSOR_DEFINITIONS = (
					"DEBUG=1",
					"$(inherited)",
				);
				IPHONEOS_DEPLOYMENT_TARGET = 17.0;
				MTL_ENABLE_DEBUG_INFO = INCLUDE_SOURCE;
				ONLY_ACTIVE_ARCH = YES;
				SDKROOT = iphoneos;
				SWIFT_ACTIVE_COMPILATION_CONDITIONS = DEBUG;
				SWIFT_OPTIMIZATION_LEVEL = "-Onone";
			};
			name = Debug;
		};
		AB0000010000000000000002 /* Release */ = {
			isa = XCBuildConfiguration;
			buildSettings = {
				ALWAYS_SEARCH_USER_PATHS = NO;
				CLANG_ENABLE_MODULES = YES;
				CLANG_ENABLE_OBJC_ARC = YES;
				COPY_PHASE_STRIP = NO;
				DEBUG_INFORMATION_FORMAT = "dwarf-with-dsym";
				ENABLE_NS_ASSERTIONS = NO;
				ENABLE_STRICT_OBJC_MSGSEND = YES;
				IPHONEOS_DEPLOYMENT_TARGET = 17.0;
				MTL_ENABLE_DEBUG_INFO = NO;
				SDKROOT = iphoneos;
				SWIFT_COMPILATION_MODE = wholemodule;
				VALIDATE_PRODUCT = YES;
			};
			name = Release;
		};
		AB0000010000000000000003 /* Debug */ = {
			isa = XCBuildConfiguration;
			buildSettings = {
				ASSETCATALOG_COMPILER_APPICON_NAME = AppIcon;
				ASSETCATALOG_COMPILER_GLOBAL_ACCENT_COLOR_NAME = AccentColor;
				CODE_SIGN_STYLE = Automatic;
				CURRENT_PROJECT_VERSION = 1;
				DEVELOPMENT_TEAM = "";
				ENABLE_PREVIEWS = YES;
				GENERATE_INFOPLIST_FILE = YES;
				INFOPLIST_KEY_CFBundleDisplayName = "SELF OS PI";
				INFOPLIST_KEY_UIApplicationSceneManifest_Generation = YES;
				INFOPLIST_KEY_UIApplicationSupportsIndirectInputEvents = YES;
				INFOPLIST_KEY_UILaunchScreen_Generation = YES;
				INFOPLIST_KEY_UISupportedInterfaceOrientations = "UIInterfaceOrientationPortrait UIInterfaceOrientationLandscapeLeft UIInterfaceOrientationLandscapeRight";
				INFOPLIST_KEY_UISupportedInterfaceOrientations_iPad = "UIInterfaceOrientationPortrait UIInterfaceOrientationPortraitUpsideDown UIInterfaceOrientationLandscapeLeft UIInterfaceOrientationLandscapeRight";
				LD_RUNPATH_SEARCH_PATHS = (
					"$(inherited)",
					"@executable_path/Frameworks",
				);
				MARKETING_VERSION = 0.1.2;
				PRODUCT_BUNDLE_IDENTIFIER = ai.selflabs.selfospi;
				PRODUCT_NAME = "$(TARGET_NAME)";
				SWIFT_EMIT_LOC_STRINGS = YES;
				SWIFT_VERSION = 5.0;
				TARGETED_DEVICE_FAMILY = "1,2";
			};
			name = Debug;
		};
		AB0000010000000000000004 /* Release */ = {
			isa = XCBuildConfiguration;
			buildSettings = {
				ASSETCATALOG_COMPILER_APPICON_NAME = AppIcon;
				ASSETCATALOG_COMPILER_GLOBAL_ACCENT_COLOR_NAME = AccentColor;
				CODE_SIGN_STYLE = Automatic;
				CURRENT_PROJECT_VERSION = 1;
				DEVELOPMENT_TEAM = "";
				ENABLE_PREVIEWS = YES;
				GENERATE_INFOPLIST_FILE = YES;
				INFOPLIST_KEY_CFBundleDisplayName = "SELF OS PI";
				INFOPLIST_KEY_UIApplicationSceneManifest_Generation = YES;
				INFOPLIST_KEY_UIApplicationSupportsIndirectInputEvents = YES;
				INFOPLIST_KEY_UILaunchScreen_Generation = YES;
				INFOPLIST_KEY_UISupportedInterfaceOrientations = "UIInterfaceOrientationPortrait UIInterfaceOrientationLandscapeLeft UIInterfaceOrientationLandscapeRight";
				INFOPLIST_KEY_UISupportedInterfaceOrientations_iPad = "UIInterfaceOrientationPortrait UIInterfaceOrientationPortraitUpsideDown UIInterfaceOrientationLandscapeLeft UIInterfaceOrientationLandscapeRight";
				LD_RUNPATH_SEARCH_PATHS = (
					"$(inherited)",
					"@executable_path/Frameworks",
				);
				MARKETING_VERSION = 0.1.2;
				PRODUCT_BUNDLE_IDENTIFIER = ai.selflabs.selfospi;
				PRODUCT_NAME = "$(TARGET_NAME)";
				SWIFT_EMIT_LOC_STRINGS = YES;
				SWIFT_VERSION = 5.0;
				TARGETED_DEVICE_FAMILY = "1,2";
			};
			name = Release;
		};
		AB0000010000000000000005 /* Debug */ = {
			isa = XCBuildConfiguration;
			buildSettings = {
				BUNDLE_LOADER = "$(TEST_HOST)";
				CODE_SIGN_STYLE = Automatic;
				CURRENT_PROJECT_VERSION = 1;
				DEVELOPMENT_TEAM = "";
				GENERATE_INFOPLIST_FILE = YES;
				IPHONEOS_DEPLOYMENT_TARGET = 17.0;
				LD_RUNPATH_SEARCH_PATHS = (
					"$(inherited)",
					"@executable_path/Frameworks",
					"@loader_path/Frameworks",
				);
				MARKETING_VERSION = 0.1.2;
				PRODUCT_BUNDLE_IDENTIFIER = ai.selflabs.selfospi.tests;
				PRODUCT_NAME = "$(TARGET_NAME)";
				SWIFT_EMIT_LOC_STRINGS = NO;
				SWIFT_VERSION = 5.0;
				TARGETED_DEVICE_FAMILY = "1,2";
				TEST_HOST = "$(BUILT_PRODUCTS_DIR)/SelfOSPI.app/$(BUNDLE_EXECUTABLE_FOLDER_PATH)/SelfOSPI";
			};
			name = Debug;
		};
		AB0000010000000000000006 /* Release */ = {
			isa = XCBuildConfiguration;
			buildSettings = {
				BUNDLE_LOADER = "$(TEST_HOST)";
				CODE_SIGN_STYLE = Automatic;
				CURRENT_PROJECT_VERSION = 1;
				DEVELOPMENT_TEAM = "";
				GENERATE_INFOPLIST_FILE = YES;
				IPHONEOS_DEPLOYMENT_TARGET = 17.0;
				LD_RUNPATH_SEARCH_PATHS = (
					"$(inherited)",
					"@executable_path/Frameworks",
					"@loader_path/Frameworks",
				);
				MARKETING_VERSION = 0.1.2;
				PRODUCT_BUNDLE_IDENTIFIER = ai.selflabs.selfospi.tests;
				PRODUCT_NAME = "$(TARGET_NAME)";
				SWIFT_EMIT_LOC_STRINGS = NO;
				SWIFT_VERSION = 5.0;
				TARGETED_DEVICE_FAMILY = "1,2";
				TEST_HOST = "$(BUILT_PRODUCTS_DIR)/SelfOSPI.app/$(BUNDLE_EXECUTABLE_FOLDER_PATH)/SelfOSPI";
			};
			name = Release;
		};
		AB0000010000000000000007 /* Debug */ = {
			isa = XCBuildConfiguration;
			buildSettings = {
				CODE_SIGN_STYLE = Automatic;
				CURRENT_PROJECT_VERSION = 1;
				DEVELOPMENT_TEAM = "";
				GENERATE_INFOPLIST_FILE = YES;
				IPHONEOS_DEPLOYMENT_TARGET = 17.0;
				LD_RUNPATH_SEARCH_PATHS = (
					"$(inherited)",
					"@executable_path/Frameworks",
					"@loader_path/Frameworks",
				);
				MARKETING_VERSION = 0.1.2;
				PRODUCT_BUNDLE_IDENTIFIER = ai.selflabs.selfospi.uitests;
				PRODUCT_NAME = "$(TARGET_NAME)";
				SWIFT_EMIT_LOC_STRINGS = NO;
				SWIFT_VERSION = 5.0;
				TARGETED_DEVICE_FAMILY = "1,2";
				TEST_TARGET_NAME = SelfOSPI;
			};
			name = Debug;
		};
		AB0000010000000000000008 /* Release */ = {
			isa = XCBuildConfiguration;
			buildSettings = {
				CODE_SIGN_STYLE = Automatic;
				CURRENT_PROJECT_VERSION = 1;
				DEVELOPMENT_TEAM = "";
				GENERATE_INFOPLIST_FILE = YES;
				IPHONEOS_DEPLOYMENT_TARGET = 17.0;
				LD_RUNPATH_SEARCH_PATHS = (
					"$(inherited)",
					"@executable_path/Frameworks",
					"@loader_path/Frameworks",
				);
				MARKETING_VERSION = 0.1.2;
				PRODUCT_BUNDLE_IDENTIFIER = ai.selflabs.selfospi.uitests;
				PRODUCT_NAME = "$(TARGET_NAME)";
				SWIFT_EMIT_LOC_STRINGS = NO;
				SWIFT_VERSION = 5.0;
				TARGETED_DEVICE_FAMILY = "1,2";
				TEST_TARGET_NAME = SelfOSPI;
			};
			name = Release;
		};
/* End XCBuildConfiguration section */

/* Begin XCConfigurationList section */
		A80000010000000000000001 /* Build configuration list for PBXProject "SelfOSPI" */ = {
			isa = XCConfigurationList;
			buildConfigurations = (
				AB0000010000000000000001 /* Debug */,
				AB0000010000000000000002 /* Release */,
			);
			defaultConfigurationIsVisible = 0;
			defaultConfigurationName = Release;
		};
		A80000010000000000000003 /* Build configuration list for PBXNativeTarget "SelfOSPI" */ = {
			isa = XCConfigurationList;
			buildConfigurations = (
				AB0000010000000000000003 /* Debug */,
				AB0000010000000000000004 /* Release */,
			);
			defaultConfigurationIsVisible = 0;
			defaultConfigurationName = Release;
		};
		A80000010000000000000004 /* Build configuration list for PBXNativeTarget "SelfOSPITests" */ = {
			isa = XCConfigurationList;
			buildConfigurations = (
				AB0000010000000000000005 /* Debug */,
				AB0000010000000000000006 /* Release */,
			);
			defaultConfigurationIsVisible = 0;
			defaultConfigurationName = Release;
		};
		A80000010000000000000005 /* Build configuration list for PBXNativeTarget "SelfOSPIUITests" */ = {
			isa = XCConfigurationList;
			buildConfigurations = (
				AB0000010000000000000007 /* Debug */,
				AB0000010000000000000008 /* Release */,
			);
			defaultConfigurationIsVisible = 0;
			defaultConfigurationName = Release;
		};
/* End XCConfigurationList section */
	};
	rootObject = A90000010000000000000001 /* Project object */;
}
